
Microsoft Visual Studio Solution File, Format Version 12.00
# Visual Studio Version 16
VisualStudioVersion = 16.0.30517.126
MinimumVisualStudioVersion = 10.0.40219.1
Project("{8BC9CEB8-8B4A-11D0-8D11-00A0C91BC942}") = "SingletonDll", "SingletonDll.vcxproj", "{EAEA8EFF-EF48-45FB-8FF3-F0082945A632}"
EndProject
Project("{8BC9CEB8-8B4A-11D0-8D11-00A0C91BC942}") = "Foo", "Foo.vcxproj", "{CADCF0E0-C052-4400-B835-004213E38DF4}"
EndProject
Project("{8BC9CEB8-8B4A-11D0-8D11-00A0C91BC942}") = "Client", "Client.vcxproj", "{EC8D17A8-42C3-4E15-97E7-54ED2590EFCF}"
EndProject
Global
	GlobalSection(SolutionConfigurationPlatforms) = preSolution
		Debug|Win32 = Debug|Win32
		Debug|x64 = Debug|x64
		Release|Win32 = Release|Win32
		Release|x64 = Release|x64
	EndGlobalSection
	GlobalSection(ProjectConfigurationPlatforms) = postSolution
		{EAEA8EFF-EF48-45FB-8FF3-F0082945A632}.Debug|Win32.ActiveCfg = Debug|Win32
		{EAEA8EFF-EF48-45FB-8FF3-F0082945A632}.Debug|Win32.Build.0 = Debug|Win32
		{EAEA8EFF-EF48-45FB-8FF3-F0082945A632}.Debug|x64.ActiveCfg = Debug|x64
		{EAEA8EFF-EF48-45FB-8FF3-F0082945A632}.Debug|x64.Build.0 = Debug|x64
		{EAEA8EFF-EF48-45FB-8FF3-F0082945A632}.Release|Win32.ActiveCfg = Release|Win32
		{EAEA8EFF-EF48-45FB-8FF3-F0082945A632}.Release|Win32.Build.0 = Release|Win32
		{EAEA8EFF-EF48-45FB-8FF3-F0082945A632}.Release|x64.ActiveCfg = Release|x64
		{EAEA8EFF-EF48-45FB-8FF3-F0082945A632}.Release|x64.Build.0 = Release|x64
		{CADCF0E0-C052-4400-B835-004213E38DF4}.Debug|Win32.ActiveCfg = Debug|Win32
		{CADCF0E0-C052-4400-B835-004213E38DF4}.Debug|Win32.Build.0 = Debug|Win32
		{CADCF0E0-C052-4400-B835-004213E38DF4}.Debug|x64.ActiveCfg = Debug|x64
		{CADCF0E0-C052-4400-B835-004213E38DF4}.Debug|x64.Build.0 = Debug|x64
		{CADCF0E0-C052-4400-B835-004213E38DF4}.Release|Win32.ActiveCfg = Release|Win32
		{CADCF0E0-C052-4400-B835-004213E38DF4}.Release|Win32.Build.0 = Release|Win32
		{CADCF0E0-C052-4400-B835-004213E38DF4}.Release|x64.ActiveCfg = Release|x64
		{CADCF0E0-C052-4400-B835-004213E38DF4}.Release|x64.Build.0 = Release|x64
		{EC8D17A8-42C3-4E15-97E7-54ED2590EFCF}.Debug|Win32.ActiveCfg = Debug|Win32
		{EC8D17A8-42C3-4E15-97E7-54ED2590EFCF}.Debug|Win32.Build.0 = Debug|Win32
		{EC8D17A8-42C3-4E15-97E7-54ED2590EFCF}.Debug|x64.ActiveCfg = Debug|x64
		{EC8D17A8-42C3-4E15-97E7-54ED2590EFCF}.Debug|x64.Build.0 = Debug|x64
		{EC8D17A8-42C3-4E15-97E7-54ED2590EFCF}.Release|Win32.ActiveCfg = Release|Win32
		{EC8D17A8-42C3-4E15-97E7-54ED2590EFCF}.Release|Win32.Build.0 = Release|Win32
		{EC8D17A8-42C3-4E15-97E7-54ED2590EFCF}.Release|x64.ActiveCfg = Release|x64
		{EC8D17A8-42C3-4E15-97E7-54ED2590EFCF}.Release|x64.Build.0 = Release|x64
	EndGlobalSection
	GlobalSection(SolutionProperties) = preSolution
		HideSolutionNode = FALSE
	EndGlobalSection
	GlobalSection(ExtensibilityGlobals) = postSolution
		SolutionGuid = {4359690B-3513-4AE1-94E8-6074ED704DA0}
	EndGlobalSection
EndGlobal
