
Microsoft Visual Studio Solution File, Format Version 9.00
# Visual Studio 2005
Project("{8BC9CEB8-8B4A-11D0-8D11-00A0C91BC942}") = "Prog2-06_StyleToLove", "Prog2-06_StyleToLove\Prog2-06_StyleToLove.vcproj", "{394554B0-1F9D-4628-8F60-83B7EFFEED1A}"
EndProject
Global
	GlobalSection(SolutionConfigurationPlatforms) = preSolution
		Debug|Win32 = Debug|Win32
		Release|Win32 = Release|Win32
	EndGlobalSection
	GlobalSection(ProjectConfigurationPlatforms) = postSolution
		{394554B0-1F9D-4628-8F60-83B7EFFEED1A}.Debug|Win32.ActiveCfg = Debug|Win32
		{394554B0-1F9D-4628-8F60-83B7EFFEED1A}.Debug|Win32.Build.0 = Debug|Win32
		{394554B0-1F9D-4628-8F60-83B7EFFEED1A}.Release|Win32.ActiveCfg = Release|Win32
		{394554B0-1F9D-4628-8F60-83B7EFFEED1A}.Release|Win32.Build.0 = Release|Win32
	EndGlobalSection
	GlobalSection(SolutionProperties) = preSolution
		HideSolutionNode = FALSE
	EndGlobalSection
EndGlobal
