
Microsoft Visual Studio Solution File, Format Version 11.00
# Visual C# Express 2010
Project("{FAE04EC0-301F-11D3-BF4B-00C04F79EFBC}") = "WriteFile", "WriteFile\WriteFile.csproj", "{E52D5F7B-59EE-4E3A-A6C6-1F54BFFEF808}"
EndProject
Global
	GlobalSection(SolutionConfigurationPlatforms) = preSolution
		Debug|x86 = Debug|x86
		Release|x86 = Release|x86
	EndGlobalSection
	GlobalSection(ProjectConfigurationPlatforms) = postSolution
		{E52D5F7B-59EE-4E3A-A6C6-1F54BFFEF808}.Debug|x86.ActiveCfg = Debug|x86
		{E52D5F7B-59EE-4E3A-A6C6-1F54BFFEF808}.Debug|x86.Build.0 = Debug|x86
		{E52D5F7B-59EE-4E3A-A6C6-1F54BFFEF808}.Release|x86.ActiveCfg = Release|x86
		{E52D5F7B-59EE-4E3A-A6C6-1F54BFFEF808}.Release|x86.Build.0 = Release|x86
	EndGlobalSection
	GlobalSection(SolutionProperties) = preSolution
		HideSolutionNode = FALSE
	EndGlobalSection
EndGlobal
