Microsoft Visual Studio Solution File, Format Version 7.00
Project("{8BC9CEB8-8B4A-11D0-8D11-00A0C91BC942}") = "BinaryDecimalConversions", "BinaryDecimalConversions\BinaryDecimalConversions.vcproj", "{3A781F40-CE6F-4176-A3FC-FA3A00F9A734}"
EndProject
Project("{8BC9CEB8-8B4A-11D0-8D11-00A0C91BC942}") = "Conversions", "Conversions\Conversions.vcproj", "{5E842D09-F2F2-4717-87B3-E8E726924041}"
EndProject
Global
	GlobalSection(SolutionConfiguration) = preSolution
		ConfigName.0 = Debug
		ConfigName.1 = Release
	EndGlobalSection
	GlobalSection(ProjectDependencies) = postSolution
	EndGlobalSection
	GlobalSection(ProjectConfiguration) = postSolution
		{3A781F40-CE6F-4176-A3FC-FA3A00F9A734}.Debug.ActiveCfg = Debug|Win32
		{3A781F40-CE6F-4176-A3FC-FA3A00F9A734}.Debug.Build.0 = Debug|Win32
		{3A781F40-CE6F-4176-A3FC-FA3A00F9A734}.Release.ActiveCfg = Release|Win32
		{3A781F40-CE6F-4176-A3FC-FA3A00F9A734}.Release.Build.0 = Release|Win32
		{5E842D09-F2F2-4717-87B3-E8E726924041}.Debug.ActiveCfg = Debug|Win32
		{5E842D09-F2F2-4717-87B3-E8E726924041}.Debug.Build.0 = Debug|Win32
		{5E842D09-F2F2-4717-87B3-E8E726924041}.Release.ActiveCfg = Release|Win32
		{5E842D09-F2F2-4717-87B3-E8E726924041}.Release.Build.0 = Release|Win32
	EndGlobalSection
	GlobalSection(ExtensibilityGlobals) = postSolution
	EndGlobalSection
	GlobalSection(ExtensibilityAddIns) = postSolution
	EndGlobalSection
EndGlobal
