
Microsoft Visual Studio Solution File, Format Version 11.00
# Visual Studio 2010
Project("{FAE04EC0-301F-11D3-BF4B-00C04F79EFBC}") = "Scratchpad", "Scratchpad\Scratchpad.csproj", "{2F3EC5F5-9BF4-48E5-8F2F-CB8624E9AA17}"
EndProject
Global
	GlobalSection(SolutionConfigurationPlatforms) = preSolution
		Debug|Any CPU = Debug|Any CPU
		Release|Any CPU = Release|Any CPU
	EndGlobalSection
	GlobalSection(ProjectConfigurationPlatforms) = postSolution
		{2F3EC5F5-9BF4-48E5-8F2F-CB8624E9AA17}.Debug|Any CPU.ActiveCfg = Debug|Any CPU
		{2F3EC5F5-9BF4-48E5-8F2F-CB8624E9AA17}.Debug|Any CPU.Build.0 = Debug|Any CPU
		{2F3EC5F5-9BF4-48E5-8F2F-CB8624E9AA17}.Release|Any CPU.ActiveCfg = Release|Any CPU
		{2F3EC5F5-9BF4-48E5-8F2F-CB8624E9AA17}.Release|Any CPU.Build.0 = Release|Any CPU
	EndGlobalSection
	GlobalSection(SolutionProperties) = preSolution
		HideSolutionNode = FALSE
	EndGlobalSection
EndGlobal
