
Microsoft Visual Studio Solution File, Format Version 11.00
# Visual Studio 10
Project("{FAE04EC0-301F-11D3-BF4B-00C04F79EFBC}") = "23-13-TakeAndSkip", "23-13-TakeAndSkip.csproj", "{DD75BDD5-F070-4CA4-8A6E-AFEB7F8E4649}"
EndProject
Global
	GlobalSection(SolutionConfigurationPlatforms) = preSolution
		Debug|Any CPU = Debug|Any CPU
		Release|Any CPU = Release|Any CPU
	EndGlobalSection
	GlobalSection(ProjectConfigurationPlatforms) = postSolution
		{DD75BDD5-F070-4CA4-8A6E-AFEB7F8E4649}.Debug|Any CPU.ActiveCfg = Debug|Any CPU
		{DD75BDD5-F070-4CA4-8A6E-AFEB7F8E4649}.Debug|Any CPU.Build.0 = Debug|Any CPU
		{DD75BDD5-F070-4CA4-8A6E-AFEB7F8E4649}.Release|Any CPU.ActiveCfg = Release|Any CPU
		{DD75BDD5-F070-4CA4-8A6E-AFEB7F8E4649}.Release|Any CPU.Build.0 = Release|Any CPU
	EndGlobalSection
	GlobalSection(SolutionProperties) = preSolution
		HideSolutionNode = FALSE
	EndGlobalSection
EndGlobal
