
Microsoft Visual Studio Solution File, Format Version 11.00
# Visual Studio 2010
Project("{FAE04EC0-301F-11D3-BF4B-00C04F79EFBC}") = "Ch26Ex02", "Ch26Ex02\Ch26Ex02.csproj", "{7CD6B50C-5624-42B0-9485-C3AAB4C308C5}"
EndProject
Project("{FAE04EC0-301F-11D3-BF4B-00C04F79EFBC}") = "Ch26Ex02Contracts", "Ch26Ex02Contracts\Ch26Ex02Contracts.csproj", "{25F77BDC-EDD5-4C96-A8AC-16BBD618A1E7}"
EndProject
Project("{FAE04EC0-301F-11D3-BF4B-00C04F79EFBC}") = "Ch26Ex02Client", "Ch26Ex02Client\Ch26Ex02Client.csproj", "{77241E31-E403-42BF-9829-BAD87CC97E07}"
EndProject
Global
	GlobalSection(SolutionConfigurationPlatforms) = preSolution
		Debug|Any CPU = Debug|Any CPU
		Debug|Mixed Platforms = Debug|Mixed Platforms
		Debug|x86 = Debug|x86
		Release|Any CPU = Release|Any CPU
		Release|Mixed Platforms = Release|Mixed Platforms
		Release|x86 = Release|x86
	EndGlobalSection
	GlobalSection(ProjectConfigurationPlatforms) = postSolution
		{7CD6B50C-5624-42B0-9485-C3AAB4C308C5}.Debug|Any CPU.ActiveCfg = Debug|Any CPU
		{7CD6B50C-5624-42B0-9485-C3AAB4C308C5}.Debug|Any CPU.Build.0 = Debug|Any CPU
		{7CD6B50C-5624-42B0-9485-C3AAB4C308C5}.Debug|Mixed Platforms.ActiveCfg = Debug|Any CPU
		{7CD6B50C-5624-42B0-9485-C3AAB4C308C5}.Debug|Mixed Platforms.Build.0 = Debug|Any CPU
		{7CD6B50C-5624-42B0-9485-C3AAB4C308C5}.Debug|x86.ActiveCfg = Debug|Any CPU
		{7CD6B50C-5624-42B0-9485-C3AAB4C308C5}.Release|Any CPU.ActiveCfg = Release|Any CPU
		{7CD6B50C-5624-42B0-9485-C3AAB4C308C5}.Release|Any CPU.Build.0 = Release|Any CPU
		{7CD6B50C-5624-42B0-9485-C3AAB4C308C5}.Release|Mixed Platforms.ActiveCfg = Release|Any CPU
		{7CD6B50C-5624-42B0-9485-C3AAB4C308C5}.Release|Mixed Platforms.Build.0 = Release|Any CPU
		{7CD6B50C-5624-42B0-9485-C3AAB4C308C5}.Release|x86.ActiveCfg = Release|Any CPU
		{25F77BDC-EDD5-4C96-A8AC-16BBD618A1E7}.Debug|Any CPU.ActiveCfg = Debug|Any CPU
		{25F77BDC-EDD5-4C96-A8AC-16BBD618A1E7}.Debug|Any CPU.Build.0 = Debug|Any CPU
		{25F77BDC-EDD5-4C96-A8AC-16BBD618A1E7}.Debug|Mixed Platforms.ActiveCfg = Debug|Any CPU
		{25F77BDC-EDD5-4C96-A8AC-16BBD618A1E7}.Debug|Mixed Platforms.Build.0 = Debug|Any CPU
		{25F77BDC-EDD5-4C96-A8AC-16BBD618A1E7}.Debug|x86.ActiveCfg = Debug|Any CPU
		{25F77BDC-EDD5-4C96-A8AC-16BBD618A1E7}.Release|Any CPU.ActiveCfg = Release|Any CPU
		{25F77BDC-EDD5-4C96-A8AC-16BBD618A1E7}.Release|Any CPU.Build.0 = Release|Any CPU
		{25F77BDC-EDD5-4C96-A8AC-16BBD618A1E7}.Release|Mixed Platforms.ActiveCfg = Release|Any CPU
		{25F77BDC-EDD5-4C96-A8AC-16BBD618A1E7}.Release|Mixed Platforms.Build.0 = Release|Any CPU
		{25F77BDC-EDD5-4C96-A8AC-16BBD618A1E7}.Release|x86.ActiveCfg = Release|Any CPU
		{77241E31-E403-42BF-9829-BAD87CC97E07}.Debug|Any CPU.ActiveCfg = Debug|x86
		{77241E31-E403-42BF-9829-BAD87CC97E07}.Debug|Mixed Platforms.ActiveCfg = Debug|x86
		{77241E31-E403-42BF-9829-BAD87CC97E07}.Debug|Mixed Platforms.Build.0 = Debug|x86
		{77241E31-E403-42BF-9829-BAD87CC97E07}.Debug|x86.ActiveCfg = Debug|x86
		{77241E31-E403-42BF-9829-BAD87CC97E07}.Debug|x86.Build.0 = Debug|x86
		{77241E31-E403-42BF-9829-BAD87CC97E07}.Release|Any CPU.ActiveCfg = Release|x86
		{77241E31-E403-42BF-9829-BAD87CC97E07}.Release|Mixed Platforms.ActiveCfg = Release|x86
		{77241E31-E403-42BF-9829-BAD87CC97E07}.Release|Mixed Platforms.Build.0 = Release|x86
		{77241E31-E403-42BF-9829-BAD87CC97E07}.Release|x86.ActiveCfg = Release|x86
		{77241E31-E403-42BF-9829-BAD87CC97E07}.Release|x86.Build.0 = Release|x86
	EndGlobalSection
	GlobalSection(SolutionProperties) = preSolution
		HideSolutionNode = FALSE
	EndGlobalSection
EndGlobal
