
Microsoft Visual Studio Solution File, Format Version 12.00
# Visual Studio Express 2012 for Windows 8
Project("{FAE04EC0-301F-11D3-BF4B-00C04F79EFBC}") = "WhatSizeWithBindingConverter", "WhatSizeWithBindingConverter\WhatSizeWithBindingConverter.csproj", "{BBA1BFFF-2B4B-4FED-B38A-72BF22C3F677}"
EndProject
Global
	GlobalSection(SolutionConfigurationPlatforms) = preSolution
		Debug|ARM = Debug|ARM
		Debug|Any CPU = Debug|Any CPU
		Debug|x64 = Debug|x64
		Debug|x86 = Debug|x86
		Release|ARM = Release|ARM
		Release|Any CPU = Release|Any CPU
		Release|x64 = Release|x64
		Release|x86 = Release|x86
	EndGlobalSection
	GlobalSection(ProjectConfigurationPlatforms) = postSolution
		{BBA1BFFF-2B4B-4FED-B38A-72BF22C3F677}.Debug|ARM.ActiveCfg = Debug|ARM
		{BBA1BFFF-2B4B-4FED-B38A-72BF22C3F677}.Debug|ARM.Build.0 = Debug|ARM
		{BBA1BFFF-2B4B-4FED-B38A-72BF22C3F677}.Debug|ARM.Deploy.0 = Debug|ARM
		{BBA1BFFF-2B4B-4FED-B38A-72BF22C3F677}.Debug|Any CPU.ActiveCfg = Debug|Any CPU
		{BBA1BFFF-2B4B-4FED-B38A-72BF22C3F677}.Debug|Any CPU.Build.0 = Debug|Any CPU
		{BBA1BFFF-2B4B-4FED-B38A-72BF22C3F677}.Debug|Any CPU.Deploy.0 = Debug|Any CPU
		{BBA1BFFF-2B4B-4FED-B38A-72BF22C3F677}.Debug|x64.ActiveCfg = Debug|x64
		{BBA1BFFF-2B4B-4FED-B38A-72BF22C3F677}.Debug|x64.Build.0 = Debug|x64
		{BBA1BFFF-2B4B-4FED-B38A-72BF22C3F677}.Debug|x64.Deploy.0 = Debug|x64
		{BBA1BFFF-2B4B-4FED-B38A-72BF22C3F677}.Debug|x86.ActiveCfg = Debug|x86
		{BBA1BFFF-2B4B-4FED-B38A-72BF22C3F677}.Debug|x86.Build.0 = Debug|x86
		{BBA1BFFF-2B4B-4FED-B38A-72BF22C3F677}.Debug|x86.Deploy.0 = Debug|x86
		{BBA1BFFF-2B4B-4FED-B38A-72BF22C3F677}.Release|ARM.ActiveCfg = Release|ARM
		{BBA1BFFF-2B4B-4FED-B38A-72BF22C3F677}.Release|ARM.Build.0 = Release|ARM
		{BBA1BFFF-2B4B-4FED-B38A-72BF22C3F677}.Release|ARM.Deploy.0 = Release|ARM
		{BBA1BFFF-2B4B-4FED-B38A-72BF22C3F677}.Release|Any CPU.ActiveCfg = Release|Any CPU
		{BBA1BFFF-2B4B-4FED-B38A-72BF22C3F677}.Release|Any CPU.Build.0 = Release|Any CPU
		{BBA1BFFF-2B4B-4FED-B38A-72BF22C3F677}.Release|Any CPU.Deploy.0 = Release|Any CPU
		{BBA1BFFF-2B4B-4FED-B38A-72BF22C3F677}.Release|x64.ActiveCfg = Release|x64
		{BBA1BFFF-2B4B-4FED-B38A-72BF22C3F677}.Release|x64.Build.0 = Release|x64
		{BBA1BFFF-2B4B-4FED-B38A-72BF22C3F677}.Release|x64.Deploy.0 = Release|x64
		{BBA1BFFF-2B4B-4FED-B38A-72BF22C3F677}.Release|x86.ActiveCfg = Release|x86
		{BBA1BFFF-2B4B-4FED-B38A-72BF22C3F677}.Release|x86.Build.0 = Release|x86
		{BBA1BFFF-2B4B-4FED-B38A-72BF22C3F677}.Release|x86.Deploy.0 = Release|x86
	EndGlobalSection
	GlobalSection(SolutionProperties) = preSolution
		HideSolutionNode = FALSE
	EndGlobalSection
EndGlobal
