
Microsoft Visual Studio Solution File, Format Version 9.00
# Visual Studio 2005
Project("{8BC9CEB8-8B4A-11D0-8D11-00A0C91BC942}") = "Prog3-05_FruitCharsWithSwitch", "Prog3-05_FruitCharsWithSwitch\Prog3-05_FruitCharsWithSwitch.vcproj", "{28412130-A2D5-4881-8CCF-019FA149C2A6}"
EndProject
Global
	GlobalSection(SolutionConfigurationPlatforms) = preSolution
		Debug|Win32 = Debug|Win32
		Release|Win32 = Release|Win32
	EndGlobalSection
	GlobalSection(ProjectConfigurationPlatforms) = postSolution
		{28412130-A2D5-4881-8CCF-019FA149C2A6}.Debug|Win32.ActiveCfg = Debug|Win32
		{28412130-A2D5-4881-8CCF-019FA149C2A6}.Debug|Win32.Build.0 = Debug|Win32
		{28412130-A2D5-4881-8CCF-019FA149C2A6}.Release|Win32.ActiveCfg = Release|Win32
		{28412130-A2D5-4881-8CCF-019FA149C2A6}.Release|Win32.Build.0 = Release|Win32
	EndGlobalSection
	GlobalSection(SolutionProperties) = preSolution
		HideSolutionNode = FALSE
	EndGlobalSection
EndGlobal
