
Microsoft Visual Studio Solution File, Format Version 9.00
# Visual C++ Express 2005
Project("{8BC9CEB8-8B4A-11D0-8D11-00A0C91BC942}") = "GameLib", "GameLib\GameLib.vcproj", "{D29DCD4F-7D0A-4925-B4D5-3BD64EFB6668}"
EndProject
Project("{8BC9CEB8-8B4A-11D0-8D11-00A0C91BC942}") = "Radiosity", "Radiosity\Radiosity.vcproj", "{EDB97D4E-751B-4B22-8B8D-2E281B1775E1}"
	ProjectSection(ProjectDependencies) = postProject
		{645025B0-A652-4958-8E36-567E62AF4D62} = {645025B0-A652-4958-8E36-567E62AF4D62}
		{D29DCD4F-7D0A-4925-B4D5-3BD64EFB6668} = {D29DCD4F-7D0A-4925-B4D5-3BD64EFB6668}
	EndProjectSection
EndProject
Project("{8BC9CEB8-8B4A-11D0-8D11-00A0C91BC942}") = "SubDiv", "SubDiv\SubDiv.vcproj", "{5BD9E79B-8354-4BD7-AFEE-BE37D23EEAF3}"
	ProjectSection(ProjectDependencies) = postProject
		{D29DCD4F-7D0A-4925-B4D5-3BD64EFB6668} = {D29DCD4F-7D0A-4925-B4D5-3BD64EFB6668}
		{645025B0-A652-4958-8E36-567E62AF4D62} = {645025B0-A652-4958-8E36-567E62AF4D62}
	EndProjectSection
EndProject
Project("{8BC9CEB8-8B4A-11D0-8D11-00A0C91BC942}") = "Teapot", "Teapot\Teapot.vcproj", "{43017260-677F-4A5E-B5F4-9CE7D5B05034}"
	ProjectSection(ProjectDependencies) = postProject
		{645025B0-A652-4958-8E36-567E62AF4D62} = {645025B0-A652-4958-8E36-567E62AF4D62}
		{D29DCD4F-7D0A-4925-B4D5-3BD64EFB6668} = {D29DCD4F-7D0A-4925-B4D5-3BD64EFB6668}
	EndProjectSection
EndProject
Project("{8BC9CEB8-8B4A-11D0-8D11-00A0C91BC942}") = "bspline", "bspline\bspline.vcproj", "{1B8562A1-D7C9-41D3-AC13-B8CBC5EAD1D7}"
	ProjectSection(ProjectDependencies) = postProject
		{D29DCD4F-7D0A-4925-B4D5-3BD64EFB6668} = {D29DCD4F-7D0A-4925-B4D5-3BD64EFB6668}
		{645025B0-A652-4958-8E36-567E62AF4D62} = {645025B0-A652-4958-8E36-567E62AF4D62}
	EndProjectSection
EndProject
Project("{8BC9CEB8-8B4A-11D0-8D11-00A0C91BC942}") = "invKim", "invKim\invKim.vcproj", "{FEB0FC2A-7269-46D7-8B4D-29945AAC70C7}"
	ProjectSection(ProjectDependencies) = postProject
		{645025B0-A652-4958-8E36-567E62AF4D62} = {645025B0-A652-4958-8E36-567E62AF4D62}
		{D29DCD4F-7D0A-4925-B4D5-3BD64EFB6668} = {D29DCD4F-7D0A-4925-B4D5-3BD64EFB6668}
	EndProjectSection
EndProject
Project("{8BC9CEB8-8B4A-11D0-8D11-00A0C91BC942}") = "math3D", "math3D\math3D.vcproj", "{645025B0-A652-4958-8E36-567E62AF4D62}"
EndProject
Global
	GlobalSection(SolutionConfigurationPlatforms) = preSolution
		Debug|Win32 = Debug|Win32
		Release|Win32 = Release|Win32
	EndGlobalSection
	GlobalSection(ProjectConfigurationPlatforms) = postSolution
		{D29DCD4F-7D0A-4925-B4D5-3BD64EFB6668}.Debug|Win32.ActiveCfg = Debug|Win32
		{D29DCD4F-7D0A-4925-B4D5-3BD64EFB6668}.Debug|Win32.Build.0 = Debug|Win32
		{D29DCD4F-7D0A-4925-B4D5-3BD64EFB6668}.Release|Win32.ActiveCfg = Release|Win32
		{D29DCD4F-7D0A-4925-B4D5-3BD64EFB6668}.Release|Win32.Build.0 = Release|Win32
		{EDB97D4E-751B-4B22-8B8D-2E281B1775E1}.Debug|Win32.ActiveCfg = Debug|Win32
		{EDB97D4E-751B-4B22-8B8D-2E281B1775E1}.Debug|Win32.Build.0 = Debug|Win32
		{EDB97D4E-751B-4B22-8B8D-2E281B1775E1}.Release|Win32.ActiveCfg = Release|Win32
		{EDB97D4E-751B-4B22-8B8D-2E281B1775E1}.Release|Win32.Build.0 = Release|Win32
		{5BD9E79B-8354-4BD7-AFEE-BE37D23EEAF3}.Debug|Win32.ActiveCfg = Debug|Win32
		{5BD9E79B-8354-4BD7-AFEE-BE37D23EEAF3}.Debug|Win32.Build.0 = Debug|Win32
		{5BD9E79B-8354-4BD7-AFEE-BE37D23EEAF3}.Release|Win32.ActiveCfg = Release|Win32
		{5BD9E79B-8354-4BD7-AFEE-BE37D23EEAF3}.Release|Win32.Build.0 = Release|Win32
		{43017260-677F-4A5E-B5F4-9CE7D5B05034}.Debug|Win32.ActiveCfg = Debug|Win32
		{43017260-677F-4A5E-B5F4-9CE7D5B05034}.Debug|Win32.Build.0 = Debug|Win32
		{43017260-677F-4A5E-B5F4-9CE7D5B05034}.Release|Win32.ActiveCfg = Release|Win32
		{43017260-677F-4A5E-B5F4-9CE7D5B05034}.Release|Win32.Build.0 = Release|Win32
		{1B8562A1-D7C9-41D3-AC13-B8CBC5EAD1D7}.Debug|Win32.ActiveCfg = Debug|Win32
		{1B8562A1-D7C9-41D3-AC13-B8CBC5EAD1D7}.Debug|Win32.Build.0 = Debug|Win32
		{1B8562A1-D7C9-41D3-AC13-B8CBC5EAD1D7}.Release|Win32.ActiveCfg = Release|Win32
		{1B8562A1-D7C9-41D3-AC13-B8CBC5EAD1D7}.Release|Win32.Build.0 = Release|Win32
		{FEB0FC2A-7269-46D7-8B4D-29945AAC70C7}.Debug|Win32.ActiveCfg = Debug|Win32
		{FEB0FC2A-7269-46D7-8B4D-29945AAC70C7}.Debug|Win32.Build.0 = Debug|Win32
		{FEB0FC2A-7269-46D7-8B4D-29945AAC70C7}.Release|Win32.ActiveCfg = Release|Win32
		{FEB0FC2A-7269-46D7-8B4D-29945AAC70C7}.Release|Win32.Build.0 = Release|Win32
		{645025B0-A652-4958-8E36-567E62AF4D62}.Debug|Win32.ActiveCfg = Debug|Win32
		{645025B0-A652-4958-8E36-567E62AF4D62}.Debug|Win32.Build.0 = Debug|Win32
		{645025B0-A652-4958-8E36-567E62AF4D62}.Release|Win32.ActiveCfg = Release|Win32
		{645025B0-A652-4958-8E36-567E62AF4D62}.Release|Win32.Build.0 = Release|Win32
	EndGlobalSection
	GlobalSection(SolutionProperties) = preSolution
		HideSolutionNode = FALSE
	EndGlobalSection
EndGlobal
