
Microsoft Visual Studio Solution File, Format Version 11.00
# Visual C# Express 2010
Project("{FAE04EC0-301F-11D3-BF4B-00C04F79EFBC}") = "Ch08Ex01", "Ch08Ex01\Ch08Ex01.csproj", "{0832D9EB-B0AF-48ED-9598-6C535D32E87D}"
EndProject
Global
	GlobalSection(SolutionConfigurationPlatforms) = preSolution
		Debug|x86 = Debug|x86
		Release|x86 = Release|x86
	EndGlobalSection
	GlobalSection(ProjectConfigurationPlatforms) = postSolution
		{0832D9EB-B0AF-48ED-9598-6C535D32E87D}.Debug|x86.ActiveCfg = Debug|x86
		{0832D9EB-B0AF-48ED-9598-6C535D32E87D}.Debug|x86.Build.0 = Debug|x86
		{0832D9EB-B0AF-48ED-9598-6C535D32E87D}.Release|x86.ActiveCfg = Release|x86
		{0832D9EB-B0AF-48ED-9598-6C535D32E87D}.Release|x86.Build.0 = Release|x86
	EndGlobalSection
	GlobalSection(SolutionProperties) = preSolution
		HideSolutionNode = FALSE
	EndGlobalSection
EndGlobal
