
Microsoft Visual Studio Solution File, Format Version 9.00
# Visual C++ Express 2005
Project("{8BC9CEB8-8B4A-11D0-8D11-00A0C91BC942}") = "GameClient", "GameClient\GameClient.vcproj", "{D87D2CE5-D37C-43E0-AD91-3E2E8928E580}"
	ProjectSection(ProjectDependencies) = postProject
		{54F32B49-5850-4C34-833F-81E37A0D8554} = {54F32B49-5850-4C34-833F-81E37A0D8554}
		{3249554B-2E39-49EB-BE26-EF93B5F23453} = {3249554B-2E39-49EB-BE26-EF93B5F23453}
		{D29DCD4F-7D0A-4925-B4D5-3BD64EFB6668} = {D29DCD4F-7D0A-4925-B4D5-3BD64EFB6668}
		{645025B0-A652-4958-8E36-567E62AF4D62} = {645025B0-A652-4958-8E36-567E62AF4D62}
	EndProjectSection
EndProject
Project("{8BC9CEB8-8B4A-11D0-8D11-00A0C91BC942}") = "GameCommon", "GameCommon\GameCommon.vcproj", "{54F32B49-5850-4C34-833F-81E37A0D8554}"
EndProject
Project("{8BC9CEB8-8B4A-11D0-8D11-00A0C91BC942}") = "GameLib", "GameLib\GameLib.vcproj", "{D29DCD4F-7D0A-4925-B4D5-3BD64EFB6668}"
EndProject
Project("{8BC9CEB8-8B4A-11D0-8D11-00A0C91BC942}") = "GameServer", "GameServer\GameServer.vcproj", "{908A3323-14A2-4F56-B880-1EF9FDE82186}"
	ProjectSection(ProjectDependencies) = postProject
		{D29DCD4F-7D0A-4925-B4D5-3BD64EFB6668} = {D29DCD4F-7D0A-4925-B4D5-3BD64EFB6668}
		{645025B0-A652-4958-8E36-567E62AF4D62} = {645025B0-A652-4958-8E36-567E62AF4D62}
		{3249554B-2E39-49EB-BE26-EF93B5F23453} = {3249554B-2E39-49EB-BE26-EF93B5F23453}
		{54F32B49-5850-4C34-833F-81E37A0D8554} = {54F32B49-5850-4C34-833F-81E37A0D8554}
	EndProjectSection
EndProject
Project("{8BC9CEB8-8B4A-11D0-8D11-00A0C91BC942}") = "math3D", "math3D\math3D.vcproj", "{645025B0-A652-4958-8E36-567E62AF4D62}"
EndProject
Project("{8BC9CEB8-8B4A-11D0-8D11-00A0C91BC942}") = "NetLib", "NetLib\NetLib\NetLib.vcproj", "{3249554B-2E39-49EB-BE26-EF93B5F23453}"
EndProject
Global
	GlobalSection(SolutionConfigurationPlatforms) = preSolution
		Debug|Win32 = Debug|Win32
		Release|Win32 = Release|Win32
	EndGlobalSection
	GlobalSection(ProjectConfigurationPlatforms) = postSolution
		{D87D2CE5-D37C-43E0-AD91-3E2E8928E580}.Debug|Win32.ActiveCfg = Debug|Win32
		{D87D2CE5-D37C-43E0-AD91-3E2E8928E580}.Debug|Win32.Build.0 = Debug|Win32
		{D87D2CE5-D37C-43E0-AD91-3E2E8928E580}.Release|Win32.ActiveCfg = Release|Win32
		{D87D2CE5-D37C-43E0-AD91-3E2E8928E580}.Release|Win32.Build.0 = Release|Win32
		{54F32B49-5850-4C34-833F-81E37A0D8554}.Debug|Win32.ActiveCfg = Debug|Win32
		{54F32B49-5850-4C34-833F-81E37A0D8554}.Debug|Win32.Build.0 = Debug|Win32
		{54F32B49-5850-4C34-833F-81E37A0D8554}.Release|Win32.ActiveCfg = Release|Win32
		{54F32B49-5850-4C34-833F-81E37A0D8554}.Release|Win32.Build.0 = Release|Win32
		{D29DCD4F-7D0A-4925-B4D5-3BD64EFB6668}.Debug|Win32.ActiveCfg = Debug|Win32
		{D29DCD4F-7D0A-4925-B4D5-3BD64EFB6668}.Debug|Win32.Build.0 = Debug|Win32
		{D29DCD4F-7D0A-4925-B4D5-3BD64EFB6668}.Release|Win32.ActiveCfg = Release|Win32
		{D29DCD4F-7D0A-4925-B4D5-3BD64EFB6668}.Release|Win32.Build.0 = Release|Win32
		{908A3323-14A2-4F56-B880-1EF9FDE82186}.Debug|Win32.ActiveCfg = Debug|Win32
		{908A3323-14A2-4F56-B880-1EF9FDE82186}.Debug|Win32.Build.0 = Debug|Win32
		{908A3323-14A2-4F56-B880-1EF9FDE82186}.Release|Win32.ActiveCfg = Release|Win32
		{908A3323-14A2-4F56-B880-1EF9FDE82186}.Release|Win32.Build.0 = Release|Win32
		{645025B0-A652-4958-8E36-567E62AF4D62}.Debug|Win32.ActiveCfg = Debug|Win32
		{645025B0-A652-4958-8E36-567E62AF4D62}.Debug|Win32.Build.0 = Debug|Win32
		{645025B0-A652-4958-8E36-567E62AF4D62}.Release|Win32.ActiveCfg = Release|Win32
		{645025B0-A652-4958-8E36-567E62AF4D62}.Release|Win32.Build.0 = Release|Win32
		{3249554B-2E39-49EB-BE26-EF93B5F23453}.Debug|Win32.ActiveCfg = Debug|Win32
		{3249554B-2E39-49EB-BE26-EF93B5F23453}.Debug|Win32.Build.0 = Debug|Win32
		{3249554B-2E39-49EB-BE26-EF93B5F23453}.Release|Win32.ActiveCfg = Release|Win32
		{3249554B-2E39-49EB-BE26-EF93B5F23453}.Release|Win32.Build.0 = Release|Win32
	EndGlobalSection
	GlobalSection(SolutionProperties) = preSolution
		HideSolutionNode = FALSE
	EndGlobalSection
EndGlobal
