
Microsoft Visual Studio Solution File, Format Version 9.00
# Visual Studio 2005
Project("{8BC9CEB8-8B4A-11D0-8D11-00A0C91BC942}") = "Prog4-16_WaterAcreage", "Prog4-16_WaterAcreage\Prog4-16_WaterAcreage.vcproj", "{7165B46E-B05A-4F17-9961-77E989251F84}"
EndProject
Global
	GlobalSection(SolutionConfigurationPlatforms) = preSolution
		Debug|Win32 = Debug|Win32
		Release|Win32 = Release|Win32
	EndGlobalSection
	GlobalSection(ProjectConfigurationPlatforms) = postSolution
		{7165B46E-B05A-4F17-9961-77E989251F84}.Debug|Win32.ActiveCfg = Debug|Win32
		{7165B46E-B05A-4F17-9961-77E989251F84}.Debug|Win32.Build.0 = Debug|Win32
		{7165B46E-B05A-4F17-9961-77E989251F84}.Release|Win32.ActiveCfg = Release|Win32
		{7165B46E-B05A-4F17-9961-77E989251F84}.Release|Win32.Build.0 = Release|Win32
	EndGlobalSection
	GlobalSection(SolutionProperties) = preSolution
		HideSolutionNode = FALSE
	EndGlobalSection
EndGlobal
