
Microsoft Visual Studio Solution File, Format Version 9.00
# Visual Studio 2005
Project("{8BC9CEB8-8B4A-11D0-8D11-00A0C91BC942}") = "Prog3-18_SearchNames", "Prog3-18_SearchNames\Prog3-18_SearchNames.vcproj", "{CADEC170-A1E2-4DB5-8374-4CF7EE8C5943}"
EndProject
Global
	GlobalSection(SolutionConfigurationPlatforms) = preSolution
		Debug|Win32 = Debug|Win32
		Release|Win32 = Release|Win32
	EndGlobalSection
	GlobalSection(ProjectConfigurationPlatforms) = postSolution
		{CADEC170-A1E2-4DB5-8374-4CF7EE8C5943}.Debug|Win32.ActiveCfg = Debug|Win32
		{CADEC170-A1E2-4DB5-8374-4CF7EE8C5943}.Debug|Win32.Build.0 = Debug|Win32
		{CADEC170-A1E2-4DB5-8374-4CF7EE8C5943}.Release|Win32.ActiveCfg = Release|Win32
		{CADEC170-A1E2-4DB5-8374-4CF7EE8C5943}.Release|Win32.Build.0 = Release|Win32
	EndGlobalSection
	GlobalSection(SolutionProperties) = preSolution
		HideSolutionNode = FALSE
	EndGlobalSection
EndGlobal
