
Microsoft Visual Studio Solution File, Format Version 11.00
# Visual Studio 2010
Project("{FAE04EC0-301F-11D3-BF4B-00C04F79EFBC}") = "RenderingWithVisuals", "RenderingWithVisuals.csproj", "{382C0CDD-4688-4C67-946F-93634886D230}"
EndProject
Global
	GlobalSection(SolutionConfigurationPlatforms) = preSolution
		Debug|x86 = Debug|x86
		Release|x86 = Release|x86
	EndGlobalSection
	GlobalSection(ProjectConfigurationPlatforms) = postSolution
		{382C0CDD-4688-4C67-946F-93634886D230}.Debug|x86.ActiveCfg = Debug|x86
		{382C0CDD-4688-4C67-946F-93634886D230}.Debug|x86.Build.0 = Debug|x86
		{382C0CDD-4688-4C67-946F-93634886D230}.Release|x86.ActiveCfg = Release|x86
		{382C0CDD-4688-4C67-946F-93634886D230}.Release|x86.Build.0 = Release|x86
	EndGlobalSection
	GlobalSection(SolutionProperties) = preSolution
		HideSolutionNode = FALSE
	EndGlobalSection
EndGlobal
