
Microsoft Visual Studio Solution File, Format Version 9.00
# Visual Studio 2005
Project("{8BC9CEB8-8B4A-11D0-8D11-00A0C91BC942}") = "Prog5-02_VarAddresses_1", "Prog5-02_VarAddresses_1\Prog5-02_VarAddresses_1.vcproj", "{892DC2F5-B7DF-47E6-A745-D1B32372064D}"
EndProject
Global
	GlobalSection(SolutionConfigurationPlatforms) = preSolution
		Debug|Win32 = Debug|Win32
		Release|Win32 = Release|Win32
	EndGlobalSection
	GlobalSection(ProjectConfigurationPlatforms) = postSolution
		{892DC2F5-B7DF-47E6-A745-D1B32372064D}.Debug|Win32.ActiveCfg = Debug|Win32
		{892DC2F5-B7DF-47E6-A745-D1B32372064D}.Debug|Win32.Build.0 = Debug|Win32
		{892DC2F5-B7DF-47E6-A745-D1B32372064D}.Release|Win32.ActiveCfg = Release|Win32
		{892DC2F5-B7DF-47E6-A745-D1B32372064D}.Release|Win32.Build.0 = Release|Win32
	EndGlobalSection
	GlobalSection(SolutionProperties) = preSolution
		HideSolutionNode = FALSE
	EndGlobalSection
EndGlobal
