Microsoft Visual Studio Solution File, Format Version 7.00
Project("{8BC9CEB8-8B4A-11D0-8D11-00A0C91BC942}") = "Canon Physics", "Canon Physics.vcproj", "{88987462-F7F6-4D2D-BA60-9852CE1304B8}"
EndProject
Global
	GlobalSection(SolutionConfiguration) = preSolution
		ConfigName.0 = Debug
		ConfigName.1 = Release
	EndGlobalSection
	GlobalSection(ProjectDependencies) = postSolution
	EndGlobalSection
	GlobalSection(ProjectConfiguration) = postSolution
		{88987462-F7F6-4D2D-BA60-9852CE1304B8}.Debug.ActiveCfg = Release|Win32
		{88987462-F7F6-4D2D-BA60-9852CE1304B8}.Debug.Build.0 = Release|Win32
		{88987462-F7F6-4D2D-BA60-9852CE1304B8}.Release.ActiveCfg = Release|Win32
		{88987462-F7F6-4D2D-BA60-9852CE1304B8}.Release.Build.0 = Release|Win32
	EndGlobalSection
	GlobalSection(ExtensibilityGlobals) = postSolution
	EndGlobalSection
	GlobalSection(ExtensibilityAddIns) = postSolution
	EndGlobalSection
EndGlobal
