
Microsoft Visual Studio Solution File, Format Version 9.00
# Visual Studio 2005
Project("{8BC9CEB8-8B4A-11D0-8D11-00A0C91BC942}") = "Prog2-17_SpiderCalcCasting", "Prog2-17_SpiderCalcCasting\Prog2-17_SpiderCalcCasting.vcproj", "{347E9EAB-0D1B-4B86-9821-883671701154}"
EndProject
Global
	GlobalSection(SolutionConfigurationPlatforms) = preSolution
		Debug|Win32 = Debug|Win32
		Release|Win32 = Release|Win32
	EndGlobalSection
	GlobalSection(ProjectConfigurationPlatforms) = postSolution
		{347E9EAB-0D1B-4B86-9821-883671701154}.Debug|Win32.ActiveCfg = Debug|Win32
		{347E9EAB-0D1B-4B86-9821-883671701154}.Debug|Win32.Build.0 = Debug|Win32
		{347E9EAB-0D1B-4B86-9821-883671701154}.Release|Win32.ActiveCfg = Release|Win32
		{347E9EAB-0D1B-4B86-9821-883671701154}.Release|Win32.Build.0 = Release|Win32
	EndGlobalSection
	GlobalSection(SolutionProperties) = preSolution
		HideSolutionNode = FALSE
	EndGlobalSection
EndGlobal
