
Microsoft Visual Studio Solution File, Format Version 9.00
# Visual Studio 2005
Project("{8BC9CEB8-8B4A-11D0-8D11-00A0C91BC942}") = "Prog3-01_KnickKnack_IfElse", "Prog3-01_KnickKnack_IfElse\Prog3-01_KnickKnack_IfElse.vcproj", "{AC000F57-F42A-432E-BCFE-91AF6BB11663}"
EndProject
Global
	GlobalSection(SolutionConfigurationPlatforms) = preSolution
		Debug|Win32 = Debug|Win32
		Release|Win32 = Release|Win32
	EndGlobalSection
	GlobalSection(ProjectConfigurationPlatforms) = postSolution
		{AC000F57-F42A-432E-BCFE-91AF6BB11663}.Debug|Win32.ActiveCfg = Debug|Win32
		{AC000F57-F42A-432E-BCFE-91AF6BB11663}.Debug|Win32.Build.0 = Debug|Win32
		{AC000F57-F42A-432E-BCFE-91AF6BB11663}.Release|Win32.ActiveCfg = Release|Win32
		{AC000F57-F42A-432E-BCFE-91AF6BB11663}.Release|Win32.Build.0 = Release|Win32
	EndGlobalSection
	GlobalSection(SolutionProperties) = preSolution
		HideSolutionNode = FALSE
	EndGlobalSection
EndGlobal
