
Microsoft Visual Studio Solution File, Format Version 9.00
# Visual C++ Express 2005
Project("{8BC9CEB8-8B4A-11D0-8D11-00A0C91BC942}") = "Hello World", "Hello World\Hello World.vcproj", "{E4843B19-F7BF-4FFE-BA52-251D8D7438A2}"
EndProject
Global
	GlobalSection(SolutionConfigurationPlatforms) = preSolution
		Debug|Win32 = Debug|Win32
		Release|Win32 = Release|Win32
	EndGlobalSection
	GlobalSection(ProjectConfigurationPlatforms) = postSolution
		{E4843B19-F7BF-4FFE-BA52-251D8D7438A2}.Debug|Win32.ActiveCfg = Debug|Win32
		{E4843B19-F7BF-4FFE-BA52-251D8D7438A2}.Debug|Win32.Build.0 = Debug|Win32
		{E4843B19-F7BF-4FFE-BA52-251D8D7438A2}.Release|Win32.ActiveCfg = Release|Win32
		{E4843B19-F7BF-4FFE-BA52-251D8D7438A2}.Release|Win32.Build.0 = Release|Win32
	EndGlobalSection
	GlobalSection(SolutionProperties) = preSolution
		HideSolutionNode = FALSE
	EndGlobalSection
EndGlobal
