
Microsoft Visual Studio Solution File, Format Version 12.00
# Visual Studio Version 16
VisualStudioVersion = 16.0.31129.286
MinimumVisualStudioVersion = 10.0.40219.1
Project("{8BC9CEB8-8B4A-11D0-8D11-00A0C91BC942}") = "chapter3", "chapter3.vcxproj", "{95D4B81A-6D2B-4283-AE9E-505FA1E547C1}"
EndProject
Global
	GlobalSection(SolutionConfigurationPlatforms) = preSolution
		Debug|x64 = Debug|x64
		Debug|x86 = Debug|x86
		Debug10|x64 = Debug10|x64
		Debug10|x86 = Debug10|x86
		Debug12|x64 = Debug12|x64
		Debug12|x86 = Debug12|x86
		Debug13|x64 = Debug13|x64
		Debug13|x86 = Debug13|x86
		Debug14|x64 = Debug14|x64
		Debug14|x86 = Debug14|x86
		Debug16|x64 = Debug16|x64
		Debug16|x86 = Debug16|x86
		Debug17|x64 = Debug17|x64
		Debug17|x86 = Debug17|x86
		Debug4|x64 = Debug4|x64
		Debug4|x86 = Debug4|x86
		Debug5|x64 = Debug5|x64
		Debug5|x86 = Debug5|x86
		Debug6|x64 = Debug6|x64
		Debug6|x86 = Debug6|x86
		Debug9|x64 = Debug9|x64
		Debug9|x86 = Debug9|x86
		Release|x64 = Release|x64
		Release|x86 = Release|x86
		Release10|x64 = Release10|x64
		Release10|x86 = Release10|x86
		Release12|x64 = Release12|x64
		Release12|x86 = Release12|x86
		Release13|x64 = Release13|x64
		Release13|x86 = Release13|x86
		Release14|x64 = Release14|x64
		Release14|x86 = Release14|x86
		Release16|x64 = Release16|x64
		Release16|x86 = Release16|x86
		Release17|x64 = Release17|x64
		Release17|x86 = Release17|x86
		Release4|x64 = Release4|x64
		Release4|x86 = Release4|x86
		Release5|x64 = Release5|x64
		Release5|x86 = Release5|x86
		Release6|x64 = Release6|x64
		Release6|x86 = Release6|x86
		Release9|x64 = Release9|x64
		Release9|x86 = Release9|x86
	EndGlobalSection
	GlobalSection(ProjectConfigurationPlatforms) = postSolution
		{95D4B81A-6D2B-4283-AE9E-505FA1E547C1}.Debug|x64.ActiveCfg = Debug|x64
		{95D4B81A-6D2B-4283-AE9E-505FA1E547C1}.Debug|x64.Build.0 = Debug|x64
		{95D4B81A-6D2B-4283-AE9E-505FA1E547C1}.Debug|x86.ActiveCfg = Debug|Win32
		{95D4B81A-6D2B-4283-AE9E-505FA1E547C1}.Debug|x86.Build.0 = Debug|Win32
		{95D4B81A-6D2B-4283-AE9E-505FA1E547C1}.Debug10|x64.ActiveCfg = Debug10|x64
		{95D4B81A-6D2B-4283-AE9E-505FA1E547C1}.Debug10|x64.Build.0 = Debug10|x64
		{95D4B81A-6D2B-4283-AE9E-505FA1E547C1}.Debug10|x86.ActiveCfg = Debug10|Win32
		{95D4B81A-6D2B-4283-AE9E-505FA1E547C1}.Debug10|x86.Build.0 = Debug10|Win32
		{95D4B81A-6D2B-4283-AE9E-505FA1E547C1}.Debug12|x64.ActiveCfg = Debug12|x64
		{95D4B81A-6D2B-4283-AE9E-505FA1E547C1}.Debug12|x64.Build.0 = Debug12|x64
		{95D4B81A-6D2B-4283-AE9E-505FA1E547C1}.Debug12|x86.ActiveCfg = Debug12|Win32
		{95D4B81A-6D2B-4283-AE9E-505FA1E547C1}.Debug12|x86.Build.0 = Debug12|Win32
		{95D4B81A-6D2B-4283-AE9E-505FA1E547C1}.Debug13|x64.ActiveCfg = Debug13|x64
		{95D4B81A-6D2B-4283-AE9E-505FA1E547C1}.Debug13|x64.Build.0 = Debug13|x64
		{95D4B81A-6D2B-4283-AE9E-505FA1E547C1}.Debug13|x86.ActiveCfg = Debug13|Win32
		{95D4B81A-6D2B-4283-AE9E-505FA1E547C1}.Debug13|x86.Build.0 = Debug13|Win32
		{95D4B81A-6D2B-4283-AE9E-505FA1E547C1}.Debug14|x64.ActiveCfg = Debug14|x64
		{95D4B81A-6D2B-4283-AE9E-505FA1E547C1}.Debug14|x64.Build.0 = Debug14|x64
		{95D4B81A-6D2B-4283-AE9E-505FA1E547C1}.Debug14|x86.ActiveCfg = Debug14|Win32
		{95D4B81A-6D2B-4283-AE9E-505FA1E547C1}.Debug14|x86.Build.0 = Debug14|Win32
		{95D4B81A-6D2B-4283-AE9E-505FA1E547C1}.Debug16|x64.ActiveCfg = Debug16|x64
		{95D4B81A-6D2B-4283-AE9E-505FA1E547C1}.Debug16|x64.Build.0 = Debug16|x64
		{95D4B81A-6D2B-4283-AE9E-505FA1E547C1}.Debug16|x86.ActiveCfg = Debug16|Win32
		{95D4B81A-6D2B-4283-AE9E-505FA1E547C1}.Debug16|x86.Build.0 = Debug16|Win32
		{95D4B81A-6D2B-4283-AE9E-505FA1E547C1}.Debug17|x64.ActiveCfg = Debug17|x64
		{95D4B81A-6D2B-4283-AE9E-505FA1E547C1}.Debug17|x64.Build.0 = Debug17|x64
		{95D4B81A-6D2B-4283-AE9E-505FA1E547C1}.Debug17|x86.ActiveCfg = Debug17|Win32
		{95D4B81A-6D2B-4283-AE9E-505FA1E547C1}.Debug17|x86.Build.0 = Debug17|Win32
		{95D4B81A-6D2B-4283-AE9E-505FA1E547C1}.Debug4|x64.ActiveCfg = Debug4|x64
		{95D4B81A-6D2B-4283-AE9E-505FA1E547C1}.Debug4|x64.Build.0 = Debug4|x64
		{95D4B81A-6D2B-4283-AE9E-505FA1E547C1}.Debug4|x86.ActiveCfg = Debug4|Win32
		{95D4B81A-6D2B-4283-AE9E-505FA1E547C1}.Debug4|x86.Build.0 = Debug4|Win32
		{95D4B81A-6D2B-4283-AE9E-505FA1E547C1}.Debug5|x64.ActiveCfg = Debug5|x64
		{95D4B81A-6D2B-4283-AE9E-505FA1E547C1}.Debug5|x64.Build.0 = Debug5|x64
		{95D4B81A-6D2B-4283-AE9E-505FA1E547C1}.Debug5|x86.ActiveCfg = Debug5|Win32
		{95D4B81A-6D2B-4283-AE9E-505FA1E547C1}.Debug5|x86.Build.0 = Debug5|Win32
		{95D4B81A-6D2B-4283-AE9E-505FA1E547C1}.Debug6|x64.ActiveCfg = Debug6|x64
		{95D4B81A-6D2B-4283-AE9E-505FA1E547C1}.Debug6|x64.Build.0 = Debug6|x64
		{95D4B81A-6D2B-4283-AE9E-505FA1E547C1}.Debug6|x86.ActiveCfg = Debug6|Win32
		{95D4B81A-6D2B-4283-AE9E-505FA1E547C1}.Debug6|x86.Build.0 = Debug6|Win32
		{95D4B81A-6D2B-4283-AE9E-505FA1E547C1}.Debug9|x64.ActiveCfg = Debug9|x64
		{95D4B81A-6D2B-4283-AE9E-505FA1E547C1}.Debug9|x64.Build.0 = Debug9|x64
		{95D4B81A-6D2B-4283-AE9E-505FA1E547C1}.Debug9|x86.ActiveCfg = Debug9|Win32
		{95D4B81A-6D2B-4283-AE9E-505FA1E547C1}.Debug9|x86.Build.0 = Debug9|Win32
		{95D4B81A-6D2B-4283-AE9E-505FA1E547C1}.Release|x64.ActiveCfg = Release|x64
		{95D4B81A-6D2B-4283-AE9E-505FA1E547C1}.Release|x64.Build.0 = Release|x64
		{95D4B81A-6D2B-4283-AE9E-505FA1E547C1}.Release|x86.ActiveCfg = Release|Win32
		{95D4B81A-6D2B-4283-AE9E-505FA1E547C1}.Release|x86.Build.0 = Release|Win32
		{95D4B81A-6D2B-4283-AE9E-505FA1E547C1}.Release10|x64.ActiveCfg = Release10|x64
		{95D4B81A-6D2B-4283-AE9E-505FA1E547C1}.Release10|x64.Build.0 = Release10|x64
		{95D4B81A-6D2B-4283-AE9E-505FA1E547C1}.Release10|x86.ActiveCfg = Release10|Win32
		{95D4B81A-6D2B-4283-AE9E-505FA1E547C1}.Release10|x86.Build.0 = Release10|Win32
		{95D4B81A-6D2B-4283-AE9E-505FA1E547C1}.Release12|x64.ActiveCfg = Release12|x64
		{95D4B81A-6D2B-4283-AE9E-505FA1E547C1}.Release12|x64.Build.0 = Release12|x64
		{95D4B81A-6D2B-4283-AE9E-505FA1E547C1}.Release12|x86.ActiveCfg = Release12|Win32
		{95D4B81A-6D2B-4283-AE9E-505FA1E547C1}.Release12|x86.Build.0 = Release12|Win32
		{95D4B81A-6D2B-4283-AE9E-505FA1E547C1}.Release13|x64.ActiveCfg = Release13|x64
		{95D4B81A-6D2B-4283-AE9E-505FA1E547C1}.Release13|x64.Build.0 = Release13|x64
		{95D4B81A-6D2B-4283-AE9E-505FA1E547C1}.Release13|x86.ActiveCfg = Release13|Win32
		{95D4B81A-6D2B-4283-AE9E-505FA1E547C1}.Release13|x86.Build.0 = Release13|Win32
		{95D4B81A-6D2B-4283-AE9E-505FA1E547C1}.Release14|x64.ActiveCfg = Release14|x64
		{95D4B81A-6D2B-4283-AE9E-505FA1E547C1}.Release14|x64.Build.0 = Release14|x64
		{95D4B81A-6D2B-4283-AE9E-505FA1E547C1}.Release14|x86.ActiveCfg = Release14|Win32
		{95D4B81A-6D2B-4283-AE9E-505FA1E547C1}.Release14|x86.Build.0 = Release14|Win32
		{95D4B81A-6D2B-4283-AE9E-505FA1E547C1}.Release16|x64.ActiveCfg = Release16|x64
		{95D4B81A-6D2B-4283-AE9E-505FA1E547C1}.Release16|x64.Build.0 = Release16|x64
		{95D4B81A-6D2B-4283-AE9E-505FA1E547C1}.Release16|x86.ActiveCfg = Release16|Win32
		{95D4B81A-6D2B-4283-AE9E-505FA1E547C1}.Release16|x86.Build.0 = Release16|Win32
		{95D4B81A-6D2B-4283-AE9E-505FA1E547C1}.Release17|x64.ActiveCfg = Release17|x64
		{95D4B81A-6D2B-4283-AE9E-505FA1E547C1}.Release17|x64.Build.0 = Release17|x64
		{95D4B81A-6D2B-4283-AE9E-505FA1E547C1}.Release17|x86.ActiveCfg = Release17|Win32
		{95D4B81A-6D2B-4283-AE9E-505FA1E547C1}.Release17|x86.Build.0 = Release17|Win32
		{95D4B81A-6D2B-4283-AE9E-505FA1E547C1}.Release4|x64.ActiveCfg = Release4|x64
		{95D4B81A-6D2B-4283-AE9E-505FA1E547C1}.Release4|x64.Build.0 = Release4|x64
		{95D4B81A-6D2B-4283-AE9E-505FA1E547C1}.Release4|x86.ActiveCfg = Release4|Win32
		{95D4B81A-6D2B-4283-AE9E-505FA1E547C1}.Release4|x86.Build.0 = Release4|Win32
		{95D4B81A-6D2B-4283-AE9E-505FA1E547C1}.Release5|x64.ActiveCfg = Release5|x64
		{95D4B81A-6D2B-4283-AE9E-505FA1E547C1}.Release5|x64.Build.0 = Release5|x64
		{95D4B81A-6D2B-4283-AE9E-505FA1E547C1}.Release5|x86.ActiveCfg = Release5|Win32
		{95D4B81A-6D2B-4283-AE9E-505FA1E547C1}.Release5|x86.Build.0 = Release5|Win32
		{95D4B81A-6D2B-4283-AE9E-505FA1E547C1}.Release6|x64.ActiveCfg = Release6|x64
		{95D4B81A-6D2B-4283-AE9E-505FA1E547C1}.Release6|x64.Build.0 = Release6|x64
		{95D4B81A-6D2B-4283-AE9E-505FA1E547C1}.Release6|x86.ActiveCfg = Release6|Win32
		{95D4B81A-6D2B-4283-AE9E-505FA1E547C1}.Release6|x86.Build.0 = Release6|Win32
		{95D4B81A-6D2B-4283-AE9E-505FA1E547C1}.Release9|x64.ActiveCfg = Release9|x64
		{95D4B81A-6D2B-4283-AE9E-505FA1E547C1}.Release9|x64.Build.0 = Release9|x64
		{95D4B81A-6D2B-4283-AE9E-505FA1E547C1}.Release9|x86.ActiveCfg = Release9|Win32
		{95D4B81A-6D2B-4283-AE9E-505FA1E547C1}.Release9|x86.Build.0 = Release9|Win32
	EndGlobalSection
	GlobalSection(SolutionProperties) = preSolution
		HideSolutionNode = FALSE
	EndGlobalSection
	GlobalSection(ExtensibilityGlobals) = postSolution
		SolutionGuid = {37CA28DE-55A1-4F8E-BCA1-777FAEC87E49}
	EndGlobalSection
EndGlobal
