
Microsoft Visual Studio Solution File, Format Version 9.00
# Visual Studio 2005
Project("{8BC9CEB8-8B4A-11D0-8D11-00A0C91BC942}") = "Prog4-13_CalcPIwithFunctions", "Prog4-13_CalcPIwithFunctions\Prog4-13_CalcPIwithFunctions.vcproj", "{1C1CEED2-D331-44DF-94F1-FF4CACB46F40}"
EndProject
Global
	GlobalSection(SolutionConfigurationPlatforms) = preSolution
		Debug|Win32 = Debug|Win32
		Release|Win32 = Release|Win32
	EndGlobalSection
	GlobalSection(ProjectConfigurationPlatforms) = postSolution
		{1C1CEED2-D331-44DF-94F1-FF4CACB46F40}.Debug|Win32.ActiveCfg = Debug|Win32
		{1C1CEED2-D331-44DF-94F1-FF4CACB46F40}.Debug|Win32.Build.0 = Debug|Win32
		{1C1CEED2-D331-44DF-94F1-FF4CACB46F40}.Release|Win32.ActiveCfg = Release|Win32
		{1C1CEED2-D331-44DF-94F1-FF4CACB46F40}.Release|Win32.Build.0 = Release|Win32
	EndGlobalSection
	GlobalSection(SolutionProperties) = preSolution
		HideSolutionNode = FALSE
	EndGlobalSection
EndGlobal
