
Microsoft Visual Studio Solution File, Format Version 11.00
# Visual Studio 10
Project("{FAE04EC0-301F-11D3-BF4B-00C04F79EFBC}") = "23-11-MultiLevelOrdering", "23-11-MultiLevelOrdering.csproj", "{AA3EF4D9-95C9-4D40-A0B0-F2EACD0E0723}"
EndProject
Global
	GlobalSection(SolutionConfigurationPlatforms) = preSolution
		Debug|Any CPU = Debug|Any CPU
		Release|Any CPU = Release|Any CPU
	EndGlobalSection
	GlobalSection(ProjectConfigurationPlatforms) = postSolution
		{AA3EF4D9-95C9-4D40-A0B0-F2EACD0E0723}.Debug|Any CPU.ActiveCfg = Debug|Any CPU
		{AA3EF4D9-95C9-4D40-A0B0-F2EACD0E0723}.Debug|Any CPU.Build.0 = Debug|Any CPU
		{AA3EF4D9-95C9-4D40-A0B0-F2EACD0E0723}.Release|Any CPU.ActiveCfg = Release|Any CPU
		{AA3EF4D9-95C9-4D40-A0B0-F2EACD0E0723}.Release|Any CPU.Build.0 = Release|Any CPU
	EndGlobalSection
	GlobalSection(SolutionProperties) = preSolution
		HideSolutionNode = FALSE
	EndGlobalSection
EndGlobal
