
Microsoft Visual Studio Solution File, Format Version 11.00
# Visual Studio 10
Project("{FAE04EC0-301F-11D3-BF4B-00C04F79EFBC}") = "23-12-GroupQuery", "23-12-GroupQuery.csproj", "{4A89233D-4220-4A90-BB08-D13238CF27B3}"
EndProject
Global
	GlobalSection(SolutionConfigurationPlatforms) = preSolution
		Debug|Any CPU = Debug|Any CPU
		Release|Any CPU = Release|Any CPU
	EndGlobalSection
	GlobalSection(ProjectConfigurationPlatforms) = postSolution
		{4A89233D-4220-4A90-BB08-D13238CF27B3}.Debug|Any CPU.ActiveCfg = Debug|Any CPU
		{4A89233D-4220-4A90-BB08-D13238CF27B3}.Debug|Any CPU.Build.0 = Debug|Any CPU
		{4A89233D-4220-4A90-BB08-D13238CF27B3}.Release|Any CPU.ActiveCfg = Release|Any CPU
		{4A89233D-4220-4A90-BB08-D13238CF27B3}.Release|Any CPU.Build.0 = Release|Any CPU
	EndGlobalSection
	GlobalSection(SolutionProperties) = preSolution
		HideSolutionNode = FALSE
	EndGlobalSection
EndGlobal
