
Microsoft Visual Studio Solution File, Format Version 11.00
# Visual Studio 10
Project("{FAE04EC0-301F-11D3-BF4B-00C04F79EFBC}") = "Manual Menus", "Manual Menus.csproj", "{B35FEF5A-C5B2-441C-AB74-C42E68414AAF}"
EndProject
Global
	GlobalSection(SolutionConfigurationPlatforms) = preSolution
		Debug|x86 = Debug|x86
		Release|x86 = Release|x86
	EndGlobalSection
	GlobalSection(ProjectConfigurationPlatforms) = postSolution
		{B35FEF5A-C5B2-441C-AB74-C42E68414AAF}.Debug|x86.ActiveCfg = Debug|x86
		{B35FEF5A-C5B2-441C-AB74-C42E68414AAF}.Debug|x86.Build.0 = Debug|x86
		{B35FEF5A-C5B2-441C-AB74-C42E68414AAF}.Release|x86.ActiveCfg = Release|x86
		{B35FEF5A-C5B2-441C-AB74-C42E68414AAF}.Release|x86.Build.0 = Release|x86
	EndGlobalSection
	GlobalSection(SolutionProperties) = preSolution
		HideSolutionNode = FALSE
	EndGlobalSection
EndGlobal
