
Microsoft Visual Studio Solution File, Format Version 9.00
# Visual Studio 2005
Project("{8BC9CEB8-8B4A-11D0-8D11-00A0C91BC942}") = "Prog8-03_EmpBossCEO", "Prog8-03_EmpBossCEO\Prog8-03_EmpBossCEO.vcproj", "{2CF25800-3B69-4188-B58D-0B4D67A429C6}"
EndProject
Global
	GlobalSection(SolutionConfigurationPlatforms) = preSolution
		Debug|Win32 = Debug|Win32
		Release|Win32 = Release|Win32
	EndGlobalSection
	GlobalSection(ProjectConfigurationPlatforms) = postSolution
		{2CF25800-3B69-4188-B58D-0B4D67A429C6}.Debug|Win32.ActiveCfg = Debug|Win32
		{2CF25800-3B69-4188-B58D-0B4D67A429C6}.Debug|Win32.Build.0 = Debug|Win32
		{2CF25800-3B69-4188-B58D-0B4D67A429C6}.Release|Win32.ActiveCfg = Release|Win32
		{2CF25800-3B69-4188-B58D-0B4D67A429C6}.Release|Win32.Build.0 = Release|Win32
	EndGlobalSection
	GlobalSection(SolutionProperties) = preSolution
		HideSolutionNode = FALSE
	EndGlobalSection
EndGlobal
