
Microsoft Visual Studio Solution File, Format Version 11.00
# Visual Studio 10
Project("{FAE04EC0-301F-11D3-BF4B-00C04F79EFBC}") = "EmployeeApp", "EmployeeApp.csproj", "{FCE2AF70-BC38-4815-BE9B-A8937BDD3A17}"
EndProject
Global
	GlobalSection(SolutionConfigurationPlatforms) = preSolution
		Debug|x86 = Debug|x86
		Release|x86 = Release|x86
	EndGlobalSection
	GlobalSection(ProjectConfigurationPlatforms) = postSolution
		{FCE2AF70-BC38-4815-BE9B-A8937BDD3A17}.Debug|x86.ActiveCfg = Debug|x86
		{FCE2AF70-BC38-4815-BE9B-A8937BDD3A17}.Debug|x86.Build.0 = Debug|x86
		{FCE2AF70-BC38-4815-BE9B-A8937BDD3A17}.Release|x86.ActiveCfg = Release|x86
		{FCE2AF70-BC38-4815-BE9B-A8937BDD3A17}.Release|x86.Build.0 = Release|x86
	EndGlobalSection
	GlobalSection(SolutionProperties) = preSolution
		HideSolutionNode = FALSE
	EndGlobalSection
EndGlobal
