
Microsoft Visual Studio Solution File, Format Version 9.00
# Visual Studio 2005
Project("{8BC9CEB8-8B4A-11D0-8D11-00A0C91BC942}") = "Prog2-04_WeatherRewritten", "Prog2-04_WeatherRewritten\Prog2-04_WeatherRewritten.vcproj", "{851AAF26-5416-4BF4-9735-9429A6B92E07}"
EndProject
Global
	GlobalSection(SolutionConfigurationPlatforms) = preSolution
		Debug|Win32 = Debug|Win32
		Release|Win32 = Release|Win32
	EndGlobalSection
	GlobalSection(ProjectConfigurationPlatforms) = postSolution
		{851AAF26-5416-4BF4-9735-9429A6B92E07}.Debug|Win32.ActiveCfg = Debug|Win32
		{851AAF26-5416-4BF4-9735-9429A6B92E07}.Debug|Win32.Build.0 = Debug|Win32
		{851AAF26-5416-4BF4-9735-9429A6B92E07}.Release|Win32.ActiveCfg = Release|Win32
		{851AAF26-5416-4BF4-9735-9429A6B92E07}.Release|Win32.Build.0 = Release|Win32
	EndGlobalSection
	GlobalSection(SolutionProperties) = preSolution
		HideSolutionNode = FALSE
	EndGlobalSection
EndGlobal
