
Microsoft Visual Studio Solution File, Format Version 12.00
# Visual Studio Express 2012 for Windows 8
Project("{8BC9CEB8-8B4A-11D0-8D11-00A0C91BC942}") = "HowToAsync1", "HowToAsync1\HowToAsync1.vcxproj", "{D94F4DFC-FB4A-4368-9017-5DB342668D13}"
EndProject
Global
	GlobalSection(SolutionConfigurationPlatforms) = preSolution
		Debug|ARM = Debug|ARM
		Debug|Win32 = Debug|Win32
		Debug|x64 = Debug|x64
		Release|ARM = Release|ARM
		Release|Win32 = Release|Win32
		Release|x64 = Release|x64
	EndGlobalSection
	GlobalSection(ProjectConfigurationPlatforms) = postSolution
		{D94F4DFC-FB4A-4368-9017-5DB342668D13}.Debug|ARM.ActiveCfg = Debug|ARM
		{D94F4DFC-FB4A-4368-9017-5DB342668D13}.Debug|ARM.Build.0 = Debug|ARM
		{D94F4DFC-FB4A-4368-9017-5DB342668D13}.Debug|ARM.Deploy.0 = Debug|ARM
		{D94F4DFC-FB4A-4368-9017-5DB342668D13}.Debug|Win32.ActiveCfg = Debug|Win32
		{D94F4DFC-FB4A-4368-9017-5DB342668D13}.Debug|Win32.Build.0 = Debug|Win32
		{D94F4DFC-FB4A-4368-9017-5DB342668D13}.Debug|Win32.Deploy.0 = Debug|Win32
		{D94F4DFC-FB4A-4368-9017-5DB342668D13}.Debug|x64.ActiveCfg = Debug|x64
		{D94F4DFC-FB4A-4368-9017-5DB342668D13}.Debug|x64.Build.0 = Debug|x64
		{D94F4DFC-FB4A-4368-9017-5DB342668D13}.Debug|x64.Deploy.0 = Debug|x64
		{D94F4DFC-FB4A-4368-9017-5DB342668D13}.Release|ARM.ActiveCfg = Release|ARM
		{D94F4DFC-FB4A-4368-9017-5DB342668D13}.Release|ARM.Build.0 = Release|ARM
		{D94F4DFC-FB4A-4368-9017-5DB342668D13}.Release|ARM.Deploy.0 = Release|ARM
		{D94F4DFC-FB4A-4368-9017-5DB342668D13}.Release|Win32.ActiveCfg = Release|Win32
		{D94F4DFC-FB4A-4368-9017-5DB342668D13}.Release|Win32.Build.0 = Release|Win32
		{D94F4DFC-FB4A-4368-9017-5DB342668D13}.Release|Win32.Deploy.0 = Release|Win32
		{D94F4DFC-FB4A-4368-9017-5DB342668D13}.Release|x64.ActiveCfg = Release|x64
		{D94F4DFC-FB4A-4368-9017-5DB342668D13}.Release|x64.Build.0 = Release|x64
		{D94F4DFC-FB4A-4368-9017-5DB342668D13}.Release|x64.Deploy.0 = Release|x64
	EndGlobalSection
	GlobalSection(SolutionProperties) = preSolution
		HideSolutionNode = FALSE
	EndGlobalSection
EndGlobal
