
Microsoft Visual Studio Solution File, Format Version 12.00
# Visual Studio Version 16
VisualStudioVersion = 16.0.32126.315
MinimumVisualStudioVersion = 10.0.40219.1
Project("{8BC9CEB8-8B4A-11D0-8D11-00A0C91BC942}") = "LSP1", "LSP1\LSP1.vcxproj", "{D727E4A7-E677-45E5-94D8-84F93933231F}"
EndProject
Global
	GlobalSection(SolutionConfigurationPlatforms) = preSolution
		Debug|x64 = Debug|x64
		Debug|x86 = Debug|x86
		Release|x64 = Release|x64
		Release|x86 = Release|x86
	EndGlobalSection
	GlobalSection(ProjectConfigurationPlatforms) = postSolution
		{D727E4A7-E677-45E5-94D8-84F93933231F}.Debug|x64.ActiveCfg = Debug|x64
		{D727E4A7-E677-45E5-94D8-84F93933231F}.Debug|x64.Build.0 = Debug|x64
		{D727E4A7-E677-45E5-94D8-84F93933231F}.Debug|x86.ActiveCfg = Debug|Win32
		{D727E4A7-E677-45E5-94D8-84F93933231F}.Debug|x86.Build.0 = Debug|Win32
		{D727E4A7-E677-45E5-94D8-84F93933231F}.Release|x64.ActiveCfg = Release|x64
		{D727E4A7-E677-45E5-94D8-84F93933231F}.Release|x64.Build.0 = Release|x64
		{D727E4A7-E677-45E5-94D8-84F93933231F}.Release|x86.ActiveCfg = Release|Win32
		{D727E4A7-E677-45E5-94D8-84F93933231F}.Release|x86.Build.0 = Release|Win32
	EndGlobalSection
	GlobalSection(SolutionProperties) = preSolution
		HideSolutionNode = FALSE
	EndGlobalSection
	GlobalSection(ExtensibilityGlobals) = postSolution
		SolutionGuid = {5683394F-5A26-480C-90DF-DEB6DAB97772}
	EndGlobalSection
EndGlobal
