
Microsoft Visual Studio Solution File, Format Version 11.00
# Visual Studio 10
Project("{FAE04EC0-301F-11D3-BF4B-00C04F79EFBC}") = "23-9-SelectDistinct", "23-9-SelectDistinct.csproj", "{A86D5353-0418-455A-8AC3-0981B4A7191D}"
EndProject
Global
	GlobalSection(SolutionConfigurationPlatforms) = preSolution
		Debug|Any CPU = Debug|Any CPU
		Release|Any CPU = Release|Any CPU
	EndGlobalSection
	GlobalSection(ProjectConfigurationPlatforms) = postSolution
		{A86D5353-0418-455A-8AC3-0981B4A7191D}.Debug|Any CPU.ActiveCfg = Debug|Any CPU
		{A86D5353-0418-455A-8AC3-0981B4A7191D}.Debug|Any CPU.Build.0 = Debug|Any CPU
		{A86D5353-0418-455A-8AC3-0981B4A7191D}.Release|Any CPU.ActiveCfg = Release|Any CPU
		{A86D5353-0418-455A-8AC3-0981B4A7191D}.Release|Any CPU.Build.0 = Release|Any CPU
	EndGlobalSection
	GlobalSection(SolutionProperties) = preSolution
		HideSolutionNode = FALSE
	EndGlobalSection
EndGlobal
