
Microsoft Visual Studio Solution File, Format Version 11.00
# Visual Studio 10
Project("{FAE04EC0-301F-11D3-BF4B-00C04F79EFBC}") = "MDI Basic", "MDI Basic.csproj", "{3DE5E4D2-89E4-4D30-BE85-C29F7BF9F63F}"
EndProject
Global
	GlobalSection(SolutionConfigurationPlatforms) = preSolution
		Debug|x86 = Debug|x86
		Release|x86 = Release|x86
	EndGlobalSection
	GlobalSection(ProjectConfigurationPlatforms) = postSolution
		{3DE5E4D2-89E4-4D30-BE85-C29F7BF9F63F}.Debug|x86.ActiveCfg = Debug|x86
		{3DE5E4D2-89E4-4D30-BE85-C29F7BF9F63F}.Debug|x86.Build.0 = Debug|x86
		{3DE5E4D2-89E4-4D30-BE85-C29F7BF9F63F}.Release|x86.ActiveCfg = Release|x86
		{3DE5E4D2-89E4-4D30-BE85-C29F7BF9F63F}.Release|x86.Build.0 = Release|x86
	EndGlobalSection
	GlobalSection(SolutionProperties) = preSolution
		HideSolutionNode = FALSE
	EndGlobalSection
EndGlobal
