
Microsoft Visual Studio Solution File, Format Version 9.00
# Visual Studio 2005
Project("{8BC9CEB8-8B4A-11D0-8D11-00A0C91BC942}") = "exception_catcher", "exception_catcher.vcproj", "{EA46E4EF-4807-4FB1-814E-2244A88E99AD}"
EndProject
Global
	GlobalSection(SolutionConfigurationPlatforms) = preSolution
		Debug|Win32 = Debug|Win32
		Release|Win32 = Release|Win32
	EndGlobalSection
	GlobalSection(ProjectConfigurationPlatforms) = postSolution
		{EA46E4EF-4807-4FB1-814E-2244A88E99AD}.Debug|Win32.ActiveCfg = Debug|Win32
		{EA46E4EF-4807-4FB1-814E-2244A88E99AD}.Debug|Win32.Build.0 = Debug|Win32
		{EA46E4EF-4807-4FB1-814E-2244A88E99AD}.Release|Win32.ActiveCfg = Release|Win32
		{EA46E4EF-4807-4FB1-814E-2244A88E99AD}.Release|Win32.Build.0 = Release|Win32
	EndGlobalSection
	GlobalSection(SolutionProperties) = preSolution
		HideSolutionNode = FALSE
	EndGlobalSection
EndGlobal
