
Microsoft Visual Studio Solution File, Format Version 11.00
# Visual Studio 10
Project("{FAE04EC0-301F-11D3-BF4B-00C04F79EFBC}") = "TextBoxControls", "TextBoxControls.csproj", "{BC0DC19A-FC04-4928-B156-AA0859329BFA}"
EndProject
Global
	GlobalSection(SolutionConfigurationPlatforms) = preSolution
		Debug|x86 = Debug|x86
		Release|x86 = Release|x86
	EndGlobalSection
	GlobalSection(ProjectConfigurationPlatforms) = postSolution
		{BC0DC19A-FC04-4928-B156-AA0859329BFA}.Debug|x86.ActiveCfg = Debug|x86
		{BC0DC19A-FC04-4928-B156-AA0859329BFA}.Debug|x86.Build.0 = Debug|x86
		{BC0DC19A-FC04-4928-B156-AA0859329BFA}.Release|x86.ActiveCfg = Release|x86
		{BC0DC19A-FC04-4928-B156-AA0859329BFA}.Release|x86.Build.0 = Release|x86
	EndGlobalSection
	GlobalSection(SolutionProperties) = preSolution
		HideSolutionNode = FALSE
	EndGlobalSection
EndGlobal
