
Microsoft Visual Studio Solution File, Format Version 11.00
# Visual C# Express 2010
Project("{FAE04EC0-301F-11D3-BF4B-00C04F79EFBC}") = "Ch12CardLib", "Ch12CardLib\Ch12CardLib.csproj", "{DFB1D2F9-2B2E-43AA-8962-AE389EDE1A8E}"
EndProject
Project("{FAE04EC0-301F-11D3-BF4B-00C04F79EFBC}") = "Ch11CardClient", "Ch11CardClient\Ch11CardClient.csproj", "{E22DA347-8C88-49DB-ACCD-87949A18981A}"
EndProject
Global
	GlobalSection(SolutionConfigurationPlatforms) = preSolution
		Debug|Any CPU = Debug|Any CPU
		Debug|Mixed Platforms = Debug|Mixed Platforms
		Debug|x86 = Debug|x86
		Release|Any CPU = Release|Any CPU
		Release|Mixed Platforms = Release|Mixed Platforms
		Release|x86 = Release|x86
	EndGlobalSection
	GlobalSection(ProjectConfigurationPlatforms) = postSolution
		{DFB1D2F9-2B2E-43AA-8962-AE389EDE1A8E}.Debug|Any CPU.ActiveCfg = Debug|Any CPU
		{DFB1D2F9-2B2E-43AA-8962-AE389EDE1A8E}.Debug|Any CPU.Build.0 = Debug|Any CPU
		{DFB1D2F9-2B2E-43AA-8962-AE389EDE1A8E}.Debug|Mixed Platforms.ActiveCfg = Debug|Any CPU
		{DFB1D2F9-2B2E-43AA-8962-AE389EDE1A8E}.Debug|Mixed Platforms.Build.0 = Debug|Any CPU
		{DFB1D2F9-2B2E-43AA-8962-AE389EDE1A8E}.Debug|x86.ActiveCfg = Debug|Any CPU
		{DFB1D2F9-2B2E-43AA-8962-AE389EDE1A8E}.Release|Any CPU.ActiveCfg = Release|Any CPU
		{DFB1D2F9-2B2E-43AA-8962-AE389EDE1A8E}.Release|Any CPU.Build.0 = Release|Any CPU
		{DFB1D2F9-2B2E-43AA-8962-AE389EDE1A8E}.Release|Mixed Platforms.ActiveCfg = Release|Any CPU
		{DFB1D2F9-2B2E-43AA-8962-AE389EDE1A8E}.Release|Mixed Platforms.Build.0 = Release|Any CPU
		{DFB1D2F9-2B2E-43AA-8962-AE389EDE1A8E}.Release|x86.ActiveCfg = Release|Any CPU
		{E22DA347-8C88-49DB-ACCD-87949A18981A}.Debug|Any CPU.ActiveCfg = Debug|x86
		{E22DA347-8C88-49DB-ACCD-87949A18981A}.Debug|Mixed Platforms.ActiveCfg = Debug|x86
		{E22DA347-8C88-49DB-ACCD-87949A18981A}.Debug|Mixed Platforms.Build.0 = Debug|x86
		{E22DA347-8C88-49DB-ACCD-87949A18981A}.Debug|x86.ActiveCfg = Debug|x86
		{E22DA347-8C88-49DB-ACCD-87949A18981A}.Debug|x86.Build.0 = Debug|x86
		{E22DA347-8C88-49DB-ACCD-87949A18981A}.Release|Any CPU.ActiveCfg = Release|x86
		{E22DA347-8C88-49DB-ACCD-87949A18981A}.Release|Mixed Platforms.ActiveCfg = Release|x86
		{E22DA347-8C88-49DB-ACCD-87949A18981A}.Release|Mixed Platforms.Build.0 = Release|x86
		{E22DA347-8C88-49DB-ACCD-87949A18981A}.Release|x86.ActiveCfg = Release|x86
		{E22DA347-8C88-49DB-ACCD-87949A18981A}.Release|x86.Build.0 = Release|x86
	EndGlobalSection
	GlobalSection(SolutionProperties) = preSolution
		HideSolutionNode = FALSE
	EndGlobalSection
EndGlobal
