
Microsoft Visual Studio Solution File, Format Version 9.00
# Visual Studio 2005
Project("{8BC9CEB8-8B4A-11D0-8D11-00A0C91BC942}") = "Prog5-09_AskForXandY", "Prog5-09_AskForXandY\Prog5-09_AskForXandY.vcproj", "{71CADA7D-832A-49C2-95EE-A313834C558C}"
EndProject
Global
	GlobalSection(SolutionConfigurationPlatforms) = preSolution
		Debug|Win32 = Debug|Win32
		Release|Win32 = Release|Win32
	EndGlobalSection
	GlobalSection(ProjectConfigurationPlatforms) = postSolution
		{71CADA7D-832A-49C2-95EE-A313834C558C}.Debug|Win32.ActiveCfg = Debug|Win32
		{71CADA7D-832A-49C2-95EE-A313834C558C}.Debug|Win32.Build.0 = Debug|Win32
		{71CADA7D-832A-49C2-95EE-A313834C558C}.Release|Win32.ActiveCfg = Release|Win32
		{71CADA7D-832A-49C2-95EE-A313834C558C}.Release|Win32.Build.0 = Release|Win32
	EndGlobalSection
	GlobalSection(SolutionProperties) = preSolution
		HideSolutionNode = FALSE
	EndGlobalSection
EndGlobal
