
Microsoft Visual Studio Solution File, Format Version 9.00
# Visual Studio 2005
Project("{8BC9CEB8-8B4A-11D0-8D11-00A0C91BC942}") = "Prog2-05_StyleToHate", "Prog2-05_StyleToHate\Prog2-05_StyleToHate.vcproj", "{A6C0B78D-4A7D-4C69-9A2A-F4145196CD18}"
EndProject
Global
	GlobalSection(SolutionConfigurationPlatforms) = preSolution
		Debug|Win32 = Debug|Win32
		Release|Win32 = Release|Win32
	EndGlobalSection
	GlobalSection(ProjectConfigurationPlatforms) = postSolution
		{A6C0B78D-4A7D-4C69-9A2A-F4145196CD18}.Debug|Win32.ActiveCfg = Debug|Win32
		{A6C0B78D-4A7D-4C69-9A2A-F4145196CD18}.Debug|Win32.Build.0 = Debug|Win32
		{A6C0B78D-4A7D-4C69-9A2A-F4145196CD18}.Release|Win32.ActiveCfg = Release|Win32
		{A6C0B78D-4A7D-4C69-9A2A-F4145196CD18}.Release|Win32.Build.0 = Release|Win32
	EndGlobalSection
	GlobalSection(SolutionProperties) = preSolution
		HideSolutionNode = FALSE
	EndGlobalSection
EndGlobal
